
Microsoft Visual Studio Solution File, Format Version 12.00
# Visual Studio Version 17
VisualStudioVersion = 17.5.002.0
MinimumVisualStudioVersion = 10.0.40219.1
Project("{9A19103F-16F7-4668-BE54-9A1E7A4F7556}") = "ProvaPratica", "ProvaPratica.csproj", "{66D21FF0-D67B-484C-AB01-CAFA1DDEF601}"
EndProject
Global
	GlobalSection(SolutionConfigurationPlatforms) = preSolution
		Debug|Any CPU = Debug|Any CPU
		Release|Any CPU = Release|Any CPU
	EndGlobalSection
	GlobalSection(ProjectConfigurationPlatforms) = postSolution
		{66D21FF0-D67B-484C-AB01-CAFA1DDEF601}.Debug|Any CPU.ActiveCfg = Debug|Any CPU
		{66D21FF0-D67B-484C-AB01-CAFA1DDEF601}.Debug|Any CPU.Build.0 = Debug|Any CPU
		{66D21FF0-D67B-484C-AB01-CAFA1DDEF601}.Release|Any CPU.ActiveCfg = Release|Any CPU
		{66D21FF0-D67B-484C-AB01-CAFA1DDEF601}.Release|Any CPU.Build.0 = Release|Any CPU
	EndGlobalSection
	GlobalSection(SolutionProperties) = preSolution
		HideSolutionNode = FALSE
	EndGlobalSection
	GlobalSection(ExtensibilityGlobals) = postSolution
		SolutionGuid = {2A39309F-D0D5-4F55-A412-6BB438400DAA}
	EndGlobalSection
EndGlobal
